
Microsoft Visual Studio Solution File, Format Version 12.00
# Visual Studio Version 17
VisualStudioVersion = 17.1.32228.430
MinimumVisualStudioVersion = 10.0.40219.1
Project("{FAE04EC0-301F-11D3-BF4B-00C04F79EFBC}") = "RuAlerts", "RuAlerts\RuAlerts.csproj", "{C1D81580-8164-4113-8809-59C76D7042B4}"
EndProject
Global
	GlobalSection(SolutionConfigurationPlatforms) = preSolution
		Debug|Any CPU = Debug|Any CPU
		Release|Any CPU = Release|Any CPU
	EndGlobalSection
	GlobalSection(ProjectConfigurationPlatforms) = postSolution
		{C1D81580-8164-4113-8809-59C76D7042B4}.Debug|Any CPU.ActiveCfg = Debug|Any CPU
		{C1D81580-8164-4113-8809-59C76D7042B4}.Debug|Any CPU.Build.0 = Debug|Any CPU
		{C1D81580-8164-4113-8809-59C76D7042B4}.Release|Any CPU.ActiveCfg = Release|Any CPU
		{C1D81580-8164-4113-8809-59C76D7042B4}.Release|Any CPU.Build.0 = Release|Any CPU
	EndGlobalSection
	GlobalSection(SolutionProperties) = preSolution
		HideSolutionNode = FALSE
	EndGlobalSection
	GlobalSection(ExtensibilityGlobals) = postSolution
		SolutionGuid = {5A01D565-457A-409B-BED5-9F0C89488144}
	EndGlobalSection
EndGlobal
